// !$*UTF8*$!
{
	archiveVersion = 1;
	classes = {
	};
	objectVersion = 56;
	objects = {

/* Begin PBXBuildFile section */
		FA8380DE28F5A76B007B34AF /* UnshackledApp.swift in Sources */ = {isa = PBXBuildFile; fileRef = FA8380DD28F5A76B007B34AF /* UnshackledApp.swift */; };
		FA8380E028F5A76B007B34AF /* ContentView.swift in Sources */ = {isa = PBXBuildFile; fileRef = FA8380DF28F5A76B007B34AF /* ContentView.swift */; };
		FA8380E228F5A76D007B34AF /* Assets.xcassets in Resources */ = {isa = PBXBuildFile; fileRef = FA8380E128F5A76D007B34AF /* Assets.xcassets */; };
		FA8380E528F5A76D007B34AF /* Preview Assets.xcassets in Resources */ = {isa = PBXBuildFile; fileRef = FA8380E428F5A76D007B34AF /* Preview Assets.xcassets */; };
		FA83810E28F5B7D2007B34AF /* JournalView.swift in Sources */ = {isa = PBXBuildFile; fileRef = FA83810D28F5B7D2007B34AF /* JournalView.swift */; };
		FA83811028F5BD00007B34AF /* MoodView.swift in Sources */ = {isa = PBXBuildFile; fileRef = FA83810F28F5BD00007B34AF /* MoodView.swift */; };
		FA83811628FED62F007B34AF /* JournalAddEntriyView.swift in Sources */ = {isa = PBXBuildFile; fileRef = FA83811528FED62F007B34AF /* JournalAddEntriyView.swift */; };
		FA83811928FEF29C007B34AF /* MoodController.swift in Sources */ = {isa = PBXBuildFile; fileRef = FA83811828FEF29C007B34AF /* MoodController.swift */; };
		FA83811C29005F72007B34AF /* GoogleService-Info.plist in Resources */ = {isa = PBXBuildFile; fileRef = FA83811B29005F72007B34AF /* GoogleService-Info.plist */; };
		FA83812A29006464007B34AF /* JournalViewModal.swift in Sources */ = {isa = PBXBuildFile; fileRef = FA83812929006464007B34AF /* JournalViewModal.swift */; };
		FA83813129006E73007B34AF /* Journal.swift in Sources */ = {isa = PBXBuildFile; fileRef = FA83813029006E73007B34AF /* Journal.swift */; };
		FA83813329018A9D007B34AF /* journalListItem.swift in Sources */ = {isa = PBXBuildFile; fileRef = FA83813229018A9D007B34AF /* journalListItem.swift */; };
		FA8381472902DA16007B34AF /* FirebaseAuth in Frameworks */ = {isa = PBXBuildFile; productRef = FA8381462902DA16007B34AF /* FirebaseAuth */; };
		FA8381492902DA16007B34AF /* FirebaseFirestore in Frameworks */ = {isa = PBXBuildFile; productRef = FA8381482902DA16007B34AF /* FirebaseFirestore */; };
		FA83814B2902DA16007B34AF /* FirebaseFirestoreSwift in Frameworks */ = {isa = PBXBuildFile; productRef = FA83814A2902DA16007B34AF /* FirebaseFirestoreSwift */; };
		FA83814D2902DA16007B34AF /* FirebaseStorage in Frameworks */ = {isa = PBXBuildFile; productRef = FA83814C2902DA16007B34AF /* FirebaseStorage */; };
		FA83814F2902EC37007B34AF /* EntryViewModel.swift in Sources */ = {isa = PBXBuildFile; fileRef = FA83814E2902EC37007B34AF /* EntryViewModel.swift */; };
		FA8381512903020D007B34AF /* JournalDetailView.swift in Sources */ = {isa = PBXBuildFile; fileRef = FA8381502903020D007B34AF /* JournalDetailView.swift */; };
		FA83815329030657007B34AF /* LoginScreenView.swift in Sources */ = {isa = PBXBuildFile; fileRef = FA83815229030657007B34AF /* LoginScreenView.swift */; };
		FA83815529030837007B34AF /* SplachScreenView.swift in Sources */ = {isa = PBXBuildFile; fileRef = FA83815429030837007B34AF /* SplachScreenView.swift */; };
		FA83815729031F84007B34AF /* SignUpView.swift in Sources */ = {isa = PBXBuildFile; fileRef = FA83815629031F84007B34AF /* SignUpView.swift */; };
/* End PBXBuildFile section */

/* Begin PBXContainerItemProxy section */
		FA8380EB28F5A76E007B34AF /* PBXContainerItemProxy */ = {
			isa = PBXContainerItemProxy;
			containerPortal = FA8380D228F5A76B007B34AF /* Project object */;
			proxyType = 1;
			remoteGlobalIDString = FA8380D928F5A76B007B34AF;
			remoteInfo = Unshackled;
		};
		FA8380F528F5A76E007B34AF /* PBXContainerItemProxy */ = {
			isa = PBXContainerItemProxy;
			containerPortal = FA8380D228F5A76B007B34AF /* Project object */;
			proxyType = 1;
			remoteGlobalIDString = FA8380D928F5A76B007B34AF;
			remoteInfo = Unshackled;
		};
/* End PBXContainerItemProxy section */

/* Begin PBXFileReference section */
		FA8380DA28F5A76B007B34AF /* Unshackled.app */ = {isa = PBXFileReference; explicitFileType = wrapper.application; includeInIndex = 0; path = Unshackled.app; sourceTree = BUILT_PRODUCTS_DIR; };
		FA8380DD28F5A76B007B34AF /* UnshackledApp.swift */ = {isa = PBXFileReference; lastKnownFileType = sourcecode.swift; path = UnshackledApp.swift; sourceTree = "<group>"; };
		FA8380DF28F5A76B007B34AF /* ContentView.swift */ = {isa = PBXFileReference; lastKnownFileType = sourcecode.swift; path = ContentView.swift; sourceTree = "<group>"; };
		FA8380E128F5A76D007B34AF /* Assets.xcassets */ = {isa = PBXFileReference; lastKnownFileType = folder.assetcatalog; path = Assets.xcassets; sourceTree = "<group>"; };
		FA8380E428F5A76D007B34AF /* Preview Assets.xcassets */ = {isa = PBXFileReference; lastKnownFileType = folder.assetcatalog; path = "Preview Assets.xcassets"; sourceTree = "<group>"; };
		FA8380EA28F5A76E007B34AF /* UnshackledTests.xctest */ = {isa = PBXFileReference; explicitFileType = wrapper.cfbundle; includeInIndex = 0; path = UnshackledTests.xctest; sourceTree = BUILT_PRODUCTS_DIR; };
		FA8380F428F5A76E007B34AF /* UnshackledUITests.xctest */ = {isa = PBXFileReference; explicitFileType = wrapper.cfbundle; includeInIndex = 0; path = UnshackledUITests.xctest; sourceTree = BUILT_PRODUCTS_DIR; };
		FA83810D28F5B7D2007B34AF /* JournalView.swift */ = {isa = PBXFileReference; lastKnownFileType = sourcecode.swift; path = JournalView.swift; sourceTree = "<group>"; };
		FA83810F28F5BD00007B34AF /* MoodView.swift */ = {isa = PBXFileReference; lastKnownFileType = sourcecode.swift; path = MoodView.swift; sourceTree = "<group>"; };
		FA83811528FED62F007B34AF /* JournalAddEntriyView.swift */ = {isa = PBXFileReference; lastKnownFileType = sourcecode.swift; path = JournalAddEntriyView.swift; sourceTree = "<group>"; };
		FA83811828FEF29C007B34AF /* MoodController.swift */ = {isa = PBXFileReference; lastKnownFileType = sourcecode.swift; path = MoodController.swift; sourceTree = "<group>"; };
		FA83811B29005F72007B34AF /* GoogleService-Info.plist */ = {isa = PBXFileReference; lastKnownFileType = text.plist; name = "GoogleService-Info.plist"; path = "Unshackled/GoogleService-Info.plist"; sourceTree = SOURCE_ROOT; };
		FA83812929006464007B34AF /* JournalViewModal.swift */ = {isa = PBXFileReference; lastKnownFileType = sourcecode.swift; path = JournalViewModal.swift; sourceTree = "<group>"; };
		FA83813029006E73007B34AF /* Journal.swift */ = {isa = PBXFileReference; lastKnownFileType = sourcecode.swift; path = Journal.swift; sourceTree = "<group>"; };
		FA83813229018A9D007B34AF /* journalListItem.swift */ = {isa = PBXFileReference; lastKnownFileType = sourcecode.swift; path = journalListItem.swift; sourceTree = "<group>"; };
		FA83814E2902EC37007B34AF /* EntryViewModel.swift */ = {isa = PBXFileReference; lastKnownFileType = sourcecode.swift; path = EntryViewModel.swift; sourceTree = "<group>"; };
		FA8381502903020D007B34AF /* JournalDetailView.swift */ = {isa = PBXFileReference; lastKnownFileType = sourcecode.swift; path = JournalDetailView.swift; sourceTree = "<group>"; };
		FA83815229030657007B34AF /* LoginScreenView.swift */ = {isa = PBXFileReference; lastKnownFileType = sourcecode.swift; path = LoginScreenView.swift; sourceTree = "<group>"; };
		FA83815429030837007B34AF /* SplachScreenView.swift */ = {isa = PBXFileReference; lastKnownFileType = sourcecode.swift; path = SplachScreenView.swift; sourceTree = "<group>"; };
		FA83815629031F84007B34AF /* SignUpView.swift */ = {isa = PBXFileReference; lastKnownFileType = sourcecode.swift; path = SignUpView.swift; sourceTree = "<group>"; };
/* End PBXFileReference section */

/* Begin PBXFrameworksBuildPhase section */
		FA8380D728F5A76B007B34AF /* Frameworks */ = {
			isa = PBXFrameworksBuildPhase;
			buildActionMask = 2147483647;
			files = (
				FA8381472902DA16007B34AF /* FirebaseAuth in Frameworks */,
				FA83814D2902DA16007B34AF /* FirebaseStorage in Frameworks */,
				FA8381492902DA16007B34AF /* FirebaseFirestore in Frameworks */,
				FA83814B2902DA16007B34AF /* FirebaseFirestoreSwift in Frameworks */,
			);
			runOnlyForDeploymentPostprocessing = 0;
		};
		FA8380E728F5A76E007B34AF /* Frameworks */ = {
			isa = PBXFrameworksBuildPhase;
			buildActionMask = 2147483647;
			files = (
			);
			runOnlyForDeploymentPostprocessing = 0;
		};
		FA8380F128F5A76E007B34AF /* Frameworks */ = {
			isa = PBXFrameworksBuildPhase;
			buildActionMask = 2147483647;
			files = (
			);
			runOnlyForDeploymentPostprocessing = 0;
		};
/* End PBXFrameworksBuildPhase section */

/* Begin PBXGroup section */
		FA8380D128F5A76B007B34AF = {
			isa = PBXGroup;
			children = (
				FA8380DC28F5A76B007B34AF /* Unshackled */,
				FA8380DB28F5A76B007B34AF /* Products */,
			);
			sourceTree = "<group>";
		};
		FA8380DB28F5A76B007B34AF /* Products */ = {
			isa = PBXGroup;
			children = (
				FA8380DA28F5A76B007B34AF /* Unshackled.app */,
				FA8380EA28F5A76E007B34AF /* UnshackledTests.xctest */,
				FA8380F428F5A76E007B34AF /* UnshackledUITests.xctest */,
			);
			name = Products;
			sourceTree = "<group>";
		};
		FA8380DC28F5A76B007B34AF /* Unshackled */ = {
			isa = PBXGroup;
			children = (
				FA8381282900644F007B34AF /* ViewModals */,
				FA83811728FEF288007B34AF /* Controllers */,
				FA83810828F5A78A007B34AF /* Views */,
				FA83810728F5A77C007B34AF /* Components */,
				FA8380DD28F5A76B007B34AF /* UnshackledApp.swift */,
				FA8380E128F5A76D007B34AF /* Assets.xcassets */,
				FA83811B29005F72007B34AF /* GoogleService-Info.plist */,
				FA8380E328F5A76D007B34AF /* Preview Content */,
			);
			path = Unshackled;
			sourceTree = "<group>";
		};
		FA8380E328F5A76D007B34AF /* Preview Content */ = {
			isa = PBXGroup;
			children = (
				FA8380E428F5A76D007B34AF /* Preview Assets.xcassets */,
			);
			path = "Preview Content";
			sourceTree = "<group>";
		};
		FA83810728F5A77C007B34AF /* Components */ = {
			isa = PBXGroup;
			children = (
				FA83811A28FF0C91007B34AF /* JournalComponents */,
			);
			path = Components;
			sourceTree = "<group>";
		};
		FA83810828F5A78A007B34AF /* Views */ = {
			isa = PBXGroup;
			children = (
				FA8380DF28F5A76B007B34AF /* ContentView.swift */,
				FA83810D28F5B7D2007B34AF /* JournalView.swift */,
				FA83810F28F5BD00007B34AF /* MoodView.swift */,
				FA8381502903020D007B34AF /* JournalDetailView.swift */,
				FA83815229030657007B34AF /* LoginScreenView.swift */,
				FA83815429030837007B34AF /* SplachScreenView.swift */,
				FA83815629031F84007B34AF /* SignUpView.swift */,
			);
			path = Views;
			sourceTree = "<group>";
		};
		FA83811728FEF288007B34AF /* Controllers */ = {
			isa = PBXGroup;
			children = (
				FA83811828FEF29C007B34AF /* MoodController.swift */,
				FA83813029006E73007B34AF /* Journal.swift */,
			);
			path = Controllers;
			sourceTree = "<group>";
		};
		FA83811A28FF0C91007B34AF /* JournalComponents */ = {
			isa = PBXGroup;
			children = (
				FA83811528FED62F007B34AF /* JournalAddEntriyView.swift */,
				FA83813229018A9D007B34AF /* journalListItem.swift */,
			);
			path = JournalComponents;
			sourceTree = "<group>";
		};
		FA8381282900644F007B34AF /* ViewModals */ = {
			isa = PBXGroup;
			children = (
				FA83812929006464007B34AF /* JournalViewModal.swift */,
				FA83814E2902EC37007B34AF /* EntryViewModel.swift */,
			);
			path = ViewModals;
			sourceTree = "<group>";
		};
/* End PBXGroup section */

/* Begin PBXNativeTarget section */
		FA8380D928F5A76B007B34AF /* Unshackled */ = {
			isa = PBXNativeTarget;
			buildConfigurationList = FA8380FE28F5A76E007B34AF /* Build configuration list for PBXNativeTarget "Unshackled" */;
			buildPhases = (
				FA8380D628F5A76B007B34AF /* Sources */,
				FA8380D728F5A76B007B34AF /* Frameworks */,
				FA8380D828F5A76B007B34AF /* Resources */,
			);
			buildRules = (
			);
			dependencies = (
			);
			name = Unshackled;
			packageProductDependencies = (
				FA8381462902DA16007B34AF /* FirebaseAuth */,
				FA8381482902DA16007B34AF /* FirebaseFirestore */,
				FA83814A2902DA16007B34AF /* FirebaseFirestoreSwift */,
				FA83814C2902DA16007B34AF /* FirebaseStorage */,
			);
			productName = Unshackled;
			productReference = FA8380DA28F5A76B007B34AF /* Unshackled.app */;
			productType = "com.apple.product-type.application";
		};
		FA8380E928F5A76E007B34AF /* UnshackledTests */ = {
			isa = PBXNativeTarget;
			buildConfigurationList = FA83810128F5A76E007B34AF /* Build configuration list for PBXNativeTarget "UnshackledTests" */;
			buildPhases = (
				FA8380E628F5A76E007B34AF /* Sources */,
				FA8380E728F5A76E007B34AF /* Frameworks */,
				FA8380E828F5A76E007B34AF /* Resources */,
			);
			buildRules = (
			);
			dependencies = (
				FA8380EC28F5A76E007B34AF /* PBXTargetDependency */,
			);
			name = UnshackledTests;
			productName = UnshackledTests;
			productReference = FA8380EA28F5A76E007B34AF /* UnshackledTests.xctest */;
			productType = "com.apple.product-type.bundle.unit-test";
		};
		FA8380F328F5A76E007B34AF /* UnshackledUITests */ = {
			isa = PBXNativeTarget;
			buildConfigurationList = FA83810428F5A76E007B34AF /* Build configuration list for PBXNativeTarget "UnshackledUITests" */;
			buildPhases = (
				FA8380F028F5A76E007B34AF /* Sources */,
				FA8380F128F5A76E007B34AF /* Frameworks */,
				FA8380F228F5A76E007B34AF /* Resources */,
			);
			buildRules = (
			);
			dependencies = (
				FA8380F628F5A76E007B34AF /* PBXTargetDependency */,
			);
			name = UnshackledUITests;
			productName = UnshackledUITests;
			productReference = FA8380F428F5A76E007B34AF /* UnshackledUITests.xctest */;
			productType = "com.apple.product-type.bundle.ui-testing";
		};
/* End PBXNativeTarget section */

/* Begin PBXProject section */
		FA8380D228F5A76B007B34AF /* Project object */ = {
			isa = PBXProject;
			attributes = {
				BuildIndependentTargetsInParallel = 1;
				LastSwiftUpdateCheck = 1400;
				LastUpgradeCheck = 1400;
				TargetAttributes = {
					FA8380D928F5A76B007B34AF = {
						CreatedOnToolsVersion = 14.0;
					};
					FA8380E928F5A76E007B34AF = {
						CreatedOnToolsVersion = 14.0;
						TestTargetID = FA8380D928F5A76B007B34AF;
					};
					FA8380F328F5A76E007B34AF = {
						CreatedOnToolsVersion = 14.0;
						TestTargetID = FA8380D928F5A76B007B34AF;
					};
				};
			};
			buildConfigurationList = FA8380D528F5A76B007B34AF /* Build configuration list for PBXProject "Unshackled" */;
			compatibilityVersion = "Xcode 14.0";
			developmentRegion = en;
			hasScannedForEncodings = 0;
			knownRegions = (
				en,
				Base,
			);
			mainGroup = FA8380D128F5A76B007B34AF;
			packageReferences = (
				FA8381452902DA16007B34AF /* XCRemoteSwiftPackageReference "firebase-ios-sdk" */,
			);
			productRefGroup = FA8380DB28F5A76B007B34AF /* Products */;
			projectDirPath = "";
			projectRoot = "";
			targets = (
				FA8380D928F5A76B007B34AF /* Unshackled */,
				FA8380E928F5A76E007B34AF /* UnshackledTests */,
				FA8380F328F5A76E007B34AF /* UnshackledUITests */,
			);
		};
/* End PBXProject section */

/* Begin PBXResourcesBuildPhase section */
		FA8380D828F5A76B007B34AF /* Resources */ = {
			isa = PBXResourcesBuildPhase;
			buildActionMask = 2147483647;
			files = (
				FA8380E528F5A76D007B34AF /* Preview Assets.xcassets in Resources */,
				FA8380E228F5A76D007B34AF /* Assets.xcassets in Resources */,
				FA83811C29005F72007B34AF /* GoogleService-Info.plist in Resources */,
			);
			runOnlyForDeploymentPostprocessing = 0;
		};
		FA8380E828F5A76E007B34AF /* Resources */ = {
			isa = PBXResourcesBuildPhase;
			buildActionMask = 2147483647;
			files = (
			);
			runOnlyForDeploymentPostprocessing = 0;
		};
		FA8380F228F5A76E007B34AF /* Resources */ = {
			isa = PBXResourcesBuildPhase;
			buildActionMask = 2147483647;
			files = (
			);
			runOnlyForDeploymentPostprocessing = 0;
		};
/* End PBXResourcesBuildPhase section */

/* Begin PBXSourcesBuildPhase section */
		FA8380D628F5A76B007B34AF /* Sources */ = {
			isa = PBXSourcesBuildPhase;
			buildActionMask = 2147483647;
			files = (
				FA83812A29006464007B34AF /* JournalViewModal.swift in Sources */,
				FA83814F2902EC37007B34AF /* EntryViewModel.swift in Sources */,
				FA83811628FED62F007B34AF /* JournalAddEntriyView.swift in Sources */,
				FA83813329018A9D007B34AF /* journalListItem.swift in Sources */,
				FA83815329030657007B34AF /* LoginScreenView.swift in Sources */,
				FA83815529030837007B34AF /* SplachScreenView.swift in Sources */,
				FA8381512903020D007B34AF /* JournalDetailView.swift in Sources */,
				FA8380E028F5A76B007B34AF /* ContentView.swift in Sources */,
				FA83811928FEF29C007B34AF /* MoodController.swift in Sources */,
				FA83811028F5BD00007B34AF /* MoodView.swift in Sources */,
				FA83815729031F84007B34AF /* SignUpView.swift in Sources */,
				FA83810E28F5B7D2007B34AF /* JournalView.swift in Sources */,
				FA83813129006E73007B34AF /* Journal.swift in Sources */,
				FA8380DE28F5A76B007B34AF /* UnshackledApp.swift in Sources */,
			);
			runOnlyForDeploymentPostprocessing = 0;
		};
		FA8380E628F5A76E007B34AF /* Sources */ = {
			isa = PBXSourcesBuildPhase;
			buildActionMask = 2147483647;
			files = (
			);
			runOnlyForDeploymentPostprocessing = 0;
		};
		FA8380F028F5A76E007B34AF /* Sources */ = {
			isa = PBXSourcesBuildPhase;
			buildActionMask = 2147483647;
			files = (
			);
			runOnlyForDeploymentPostprocessing = 0;
		};
/* End PBXSourcesBuildPhase section */

/* Begin PBXTargetDependency section */
		FA8380EC28F5A76E007B34AF /* PBXTargetDependency */ = {
			isa = PBXTargetDependency;
			target = FA8380D928F5A76B007B34AF /* Unshackled */;
			targetProxy = FA8380EB28F5A76E007B34AF /* PBXContainerItemProxy */;
		};
		FA8380F628F5A76E007B34AF /* PBXTargetDependency */ = {
			isa = PBXTargetDependency;
			target = FA8380D928F5A76B007B34AF /* Unshackled */;
			targetProxy = FA8380F528F5A76E007B34AF /* PBXContainerItemProxy */;
		};
/* End PBXTargetDependency section */

/* Begin XCBuildConfiguration section */
		FA8380FC28F5A76E007B34AF /* Debug */ = {
			isa = XCBuildConfiguration;
			buildSettings = {
				ALWAYS_SEARCH_USER_PATHS = NO;
				CLANG_ANALYZER_NONNULL = YES;
				CLANG_ANALYZER_NUMBER_OBJECT_CONVERSION = YES_AGGRESSIVE;
				CLANG_CXX_LANGUAGE_STANDARD = "gnu++20";
				CLANG_ENABLE_MODULES = YES;
				CLANG_ENABLE_OBJC_ARC = YES;
				CLANG_ENABLE_OBJC_WEAK = YES;
				CLANG_WARN_BLOCK_CAPTURE_AUTORELEASING = YES;
				CLANG_WARN_BOOL_CONVERSION = YES;
				CLANG_WARN_COMMA = YES;
				CLANG_WARN_CONSTANT_CONVERSION = YES;
				CLANG_WARN_DEPRECATED_OBJC_IMPLEMENTATIONS = YES;
				CLANG_WARN_DIRECT_OBJC_ISA_USAGE = YES_ERROR;
				CLANG_WARN_DOCUMENTATION_COMMENTS = YES;
				CLANG_WARN_EMPTY_BODY = YES;
				CLANG_WARN_ENUM_CONVERSION = YES;
				CLANG_WARN_INFINITE_RECURSION = YES;
				CLANG_WARN_INT_CONVERSION = YES;
				CLANG_WARN_NON_LITERAL_NULL_CONVERSION = YES;
				CLANG_WARN_OBJC_IMPLICIT_RETAIN_SELF = YES;
				CLANG_WARN_OBJC_LITERAL_CONVERSION = YES;
				CLANG_WARN_OBJC_ROOT_CLASS = YES_ERROR;
				CLANG_WARN_QUOTED_INCLUDE_IN_FRAMEWORK_HEADER = YES;
				CLANG_WARN_RANGE_LOOP_ANALYSIS = YES;
				CLANG_WARN_STRICT_PROTOTYPES = YES;
				CLANG_WARN_SUSPICIOUS_MOVE = YES;
				CLANG_WARN_UNGUARDED_AVAILABILITY = YES_AGGRESSIVE;
				CLANG_WARN_UNREACHABLE_CODE = YES;
				CLANG_WARN__DUPLICATE_METHOD_MATCH = YES;
				COPY_PHASE_STRIP = NO;
				DEBUG_INFORMATION_FORMAT = dwarf;
				ENABLE_STRICT_OBJC_MSGSEND = YES;
				ENABLE_TESTABILITY = YES;
				GCC_C_LANGUAGE_STANDARD = gnu11;
				GCC_DYNAMIC_NO_PIC = NO;
				GCC_NO_COMMON_BLOCKS = YES;
				GCC_OPTIMIZATION_LEVEL = 0;
				GCC_PREPROCESSOR_DEFINITIONS = (
					"DEBUG=1",
					"$(inherited)",
				);
				GCC_WARN_64_TO_32_BIT_CONVERSION = YES;
				GCC_WARN_ABOUT_RETURN_TYPE = YES_ERROR;
				GCC_WARN_UNDECLARED_SELECTOR = YES;
				GCC_WARN_UNINITIALIZED_AUTOS = YES_AGGRESSIVE;
				GCC_WARN_UNUSED_FUNCTION = YES;
				GCC_WARN_UNUSED_VARIABLE = YES;
				IPHONEOS_DEPLOYMENT_TARGET = 16.0;
				MTL_ENABLE_DEBUG_INFO = INCLUDE_SOURCE;
				MTL_FAST_MATH = YES;
				ONLY_ACTIVE_ARCH = YES;
				SDKROOT = iphoneos;
				SWIFT_ACTIVE_COMPILATION_CONDITIONS = DEBUG;
				SWIFT_OPTIMIZATION_LEVEL = "-Onone";
			};
			name = Debug;
		};
		FA8380FD28F5A76E007B34AF /* Release */ = {
			isa = XCBuildConfiguration;
			buildSettings = {
				ALWAYS_SEARCH_USER_PATHS = NO;
				CLANG_ANALYZER_NONNULL = YES;
				CLANG_ANALYZER_NUMBER_OBJECT_CONVERSION = YES_AGGRESSIVE;
				CLANG_CXX_LANGUAGE_STANDARD = "gnu++20";
				CLANG_ENABLE_MODULES = YES;
				CLANG_ENABLE_OBJC_ARC = YES;
				CLANG_ENABLE_OBJC_WEAK = YES;
				CLANG_WARN_BLOCK_CAPTURE_AUTORELEASING = YES;
				CLANG_WARN_BOOL_CONVERSION = YES;
				CLANG_WARN_COMMA = YES;
				CLANG_WARN_CONSTANT_CONVERSION = YES;
				CLANG_WARN_DEPRECATED_OBJC_IMPLEMENTATIONS = YES;
				CLANG_WARN_DIRECT_OBJC_ISA_USAGE = YES_ERROR;
				CLANG_WARN_DOCUMENTATION_COMMENTS = YES;
				CLANG_WARN_EMPTY_BODY = YES;
				CLANG_WARN_ENUM_CONVERSION = YES;
				CLANG_WARN_INFINITE_RECURSION = YES;
				CLANG_WARN_INT_CONVERSION = YES;
				CLANG_WARN_NON_LITERAL_NULL_CONVERSION = YES;
				CLANG_WARN_OBJC_IMPLICIT_RETAIN_SELF = YES;
				CLANG_WARN_OBJC_LITERAL_CONVERSION = YES;
				CLANG_WARN_OBJC_ROOT_CLASS = YES_ERROR;
				CLANG_WARN_QUOTED_INCLUDE_IN_FRAMEWORK_HEADER = YES;
				CLANG_WARN_RANGE_LOOP_ANALYSIS = YES;
				CLANG_WARN_STRICT_PROTOTYPES = YES;
				CLANG_WARN_SUSPICIOUS_MOVE = YES;
				CLANG_WARN_UNGUARDED_AVAILABILITY = YES_AGGRESSIVE;
				CLANG_WARN_UNREACHABLE_CODE = YES;
				CLANG_WARN__DUPLICATE_METHOD_MATCH = YES;
				COPY_PHASE_STRIP = NO;
				DEBUG_INFORMATION_FORMAT = "dwarf-with-dsym";
				ENABLE_NS_ASSERTIONS = NO;
				ENABLE_STRICT_OBJC_MSGSEND = YES;
				GCC_C_LANGUAGE_STANDARD = gnu11;
				GCC_NO_COMMON_BLOCKS = YES;
				GCC_WARN_64_TO_32_BIT_CONVERSION = YES;
				GCC_WARN_ABOUT_RETURN_TYPE = YES_ERROR;
				GCC_WARN_UNDECLARED_SELECTOR = YES;
				GCC_WARN_UNINITIALIZED_AUTOS = YES_AGGRESSIVE;
				GCC_WARN_UNUSED_FUNCTION = YES;
				GCC_WARN_UNUSED_VARIABLE = YES;
				IPHONEOS_DEPLOYMENT_TARGET = 16.0;
				MTL_ENABLE_DEBUG_INFO = NO;
				MTL_FAST_MATH = YES;
				SDKROOT = iphoneos;
				SWIFT_COMPILATION_MODE = wholemodule;
				SWIFT_OPTIMIZATION_LEVEL = "-O";
				VALIDATE_PRODUCT = YES;
			};
			name = Release;
		};
		FA8380FF28F5A76E007B34AF /* Debug */ = {
			isa = XCBuildConfiguration;
			buildSettings = {
				ASSETCATALOG_COMPILER_APPICON_NAME = AppIcon;
				ASSETCATALOG_COMPILER_GLOBAL_ACCENT_COLOR_NAME = AccentColor;
				CODE_SIGN_STYLE = Automatic;
				CURRENT_PROJECT_VERSION = 1;
				DEVELOPMENT_ASSET_PATHS = "\"Unshackled/Preview Content\"";
				DEVELOPMENT_TEAM = 488D86WNW2;
				ENABLE_PREVIEWS = YES;
				GENERATE_INFOPLIST_FILE = YES;
				INFOPLIST_KEY_CFBundleDisplayName = Unshackled;
				INFOPLIST_KEY_LSApplicationCategoryType = "public.app-category.medical";
				INFOPLIST_KEY_UIApplicationSceneManifest_Generation = YES;
				INFOPLIST_KEY_UIApplicationSupportsIndirectInputEvents = YES;
				INFOPLIST_KEY_UILaunchScreen_Generation = YES;
				INFOPLIST_KEY_UISupportedInterfaceOrientations_iPad = "UIInterfaceOrientationPortrait UIInterfaceOrientationPortraitUpsideDown UIInterfaceOrientationLandscapeLeft UIInterfaceOrientationLandscapeRight";
				INFOPLIST_KEY_UISupportedInterfaceOrientations_iPhone = "UIInterfaceOrientationPortrait UIInterfaceOrientationLandscapeLeft UIInterfaceOrientationLandscapeRight";
				LD_RUNPATH_SEARCH_PATHS = (
					"$(inherited)",
					"@executable_path/Frameworks",
				);
				MARKETING_VERSION = 1.0;
				PRODUCT_BUNDLE_IDENTIFIER = Bradlee.King.Unshackled;
				PRODUCT_NAME = "$(TARGET_NAME)";
				SUPPORTED_PLATFORMS = "iphoneos iphonesimulator";
				SUPPORTS_MACCATALYST = NO;
				SUPPORTS_MAC_DESIGNED_FOR_IPHONE_IPAD = NO;
				SWIFT_EMIT_LOC_STRINGS = YES;
				SWIFT_VERSION = 5.0;
				TARGETED_DEVICE_FAMILY = "1,2";
			};
			name = Debug;
		};
		FA83810028F5A76E007B34AF /* Release */ = {
			isa = XCBuildConfiguration;
			buildSettings = {
				ASSETCATALOG_COMPILER_APPICON_NAME = AppIcon;
				ASSETCATALOG_COMPILER_GLOBAL_ACCENT_COLOR_NAME = AccentColor;
				CODE_SIGN_STYLE = Automatic;
				CURRENT_PROJECT_VERSION = 1;
				DEVELOPMENT_ASSET_PATHS = "\"Unshackled/Preview Content\"";
				DEVELOPMENT_TEAM = 488D86WNW2;
				ENABLE_PREVIEWS = YES;
				GENERATE_INFOPLIST_FILE = YES;
				INFOPLIST_KEY_CFBundleDisplayName = Unshackled;
				INFOPLIST_KEY_LSApplicationCategoryType = "public.app-category.medical";
				INFOPLIST_KEY_UIApplicationSceneManifest_Generation = YES;
				INFOPLIST_KEY_UIApplicationSupportsIndirectInputEvents = YES;
				INFOPLIST_KEY_UILaunchScreen_Generation = YES;
				INFOPLIST_KEY_UISupportedInterfaceOrientations_iPad = "UIInterfaceOrientationPortrait UIInterfaceOrientationPortraitUpsideDown UIInterfaceOrientationLandscapeLeft UIInterfaceOrientationLandscapeRight";
				INFOPLIST_KEY_UISupportedInterfaceOrientations_iPhone = "UIInterfaceOrientationPortrait UIInterfaceOrientationLandscapeLeft UIInterfaceOrientationLandscapeRight";
				LD_RUNPATH_SEARCH_PATHS = (
					"$(inherited)",
					"@executable_path/Frameworks",
				);
				MARKETING_VERSION = 1.0;
				PRODUCT_BUNDLE_IDENTIFIER = Bradlee.King.Unshackled;
				PRODUCT_NAME = "$(TARGET_NAME)";
				SUPPORTED_PLATFORMS = "iphoneos iphonesimulator";
				SUPPORTS_MACCATALYST = NO;
				SUPPORTS_MAC_DESIGNED_FOR_IPHONE_IPAD = NO;
				SWIFT_EMIT_LOC_STRINGS = YES;
				SWIFT_VERSION = 5.0;
				TARGETED_DEVICE_FAMILY = "1,2";
			};
			name = Release;
		};
		FA83810228F5A76E007B34AF /* Debug */ = {
			isa = XCBuildConfiguration;
			buildSettings = {
				ALWAYS_EMBED_SWIFT_STANDARD_LIBRARIES = YES;
				BUNDLE_LOADER = "$(TEST_HOST)";
				CODE_SIGN_STYLE = Automatic;
				CURRENT_PROJECT_VERSION = 1;
				DEVELOPMENT_TEAM = 488D86WNW2;
				GENERATE_INFOPLIST_FILE = YES;
				IPHONEOS_DEPLOYMENT_TARGET = 16.0;
				MARKETING_VERSION = 1.0;
				PRODUCT_BUNDLE_IDENTIFIER = Bradlee.King.UnshackledTests;
				PRODUCT_NAME = "$(TARGET_NAME)";
				SWIFT_EMIT_LOC_STRINGS = NO;
				SWIFT_VERSION = 5.0;
				TARGETED_DEVICE_FAMILY = "1,2";
				TEST_HOST = "$(BUILT_PRODUCTS_DIR)/Unshackled.app/$(BUNDLE_EXECUTABLE_FOLDER_PATH)/Unshackled";
			};
			name = Debug;
		};
		FA83810328F5A76E007B34AF /* Release */ = {
			isa = XCBuildConfiguration;
			buildSettings = {
				ALWAYS_EMBED_SWIFT_STANDARD_LIBRARIES = YES;
				BUNDLE_LOADER = "$(TEST_HOST)";
				CODE_SIGN_STYLE = Automatic;
				CURRENT_PROJECT_VERSION = 1;
				DEVELOPMENT_TEAM = 488D86WNW2;
				GENERATE_INFOPLIST_FILE = YES;
				IPHONEOS_DEPLOYMENT_TARGET = 16.0;
				MARKETING_VERSION = 1.0;
				PRODUCT_BUNDLE_IDENTIFIER = Bradlee.King.UnshackledTests;
				PRODUCT_NAME = "$(TARGET_NAME)";
				SWIFT_EMIT_LOC_STRINGS = NO;
				SWIFT_VERSION = 5.0;
				TARGETED_DEVICE_FAMILY = "1,2";
				TEST_HOST = "$(BUILT_PRODUCTS_DIR)/Unshackled.app/$(BUNDLE_EXECUTABLE_FOLDER_PATH)/Unshackled";
			};
			name = Release;
		};
		FA83810528F5A76E007B34AF /* Debug */ = {
			isa = XCBuildConfiguration;
			buildSettings = {
				ALWAYS_EMBED_SWIFT_STANDARD_LIBRARIES = YES;
				CODE_SIGN_STYLE = Automatic;
				CURRENT_PROJECT_VERSION = 1;
				DEVELOPMENT_TEAM = 488D86WNW2;
				GENERATE_INFOPLIST_FILE = YES;
				MARKETING_VERSION = 1.0;
				PRODUCT_BUNDLE_IDENTIFIER = Bradlee.King.UnshackledUITests;
				PRODUCT_NAME = "$(TARGET_NAME)";
				SWIFT_EMIT_LOC_STRINGS = NO;
				SWIFT_VERSION = 5.0;
				TARGETED_DEVICE_FAMILY = "1,2";
				TEST_TARGET_NAME = Unshackled;
			};
			name = Debug;
		};
		FA83810628F5A76E007B34AF /* Release */ = {
			isa = XCBuildConfiguration;
			buildSettings = {
				ALWAYS_EMBED_SWIFT_STANDARD_LIBRARIES = YES;
				CODE_SIGN_STYLE = Automatic;
				CURRENT_PROJECT_VERSION = 1;
				DEVELOPMENT_TEAM = 488D86WNW2;
				GENERATE_INFOPLIST_FILE = YES;
				MARKETING_VERSION = 1.0;
				PRODUCT_BUNDLE_IDENTIFIER = Bradlee.King.UnshackledUITests;
				PRODUCT_NAME = "$(TARGET_NAME)";
				SWIFT_EMIT_LOC_STRINGS = NO;
				SWIFT_VERSION = 5.0;
				TARGETED_DEVICE_FAMILY = "1,2";
				TEST_TARGET_NAME = Unshackled;
			};
			name = Release;
		};
/* End XCBuildConfiguration section */

/* Begin XCConfigurationList section */
		FA8380D528F5A76B007B34AF /* Build configuration list for PBXProject "Unshackled" */ = {
			isa = XCConfigurationList;
			buildConfigurations = (
				FA8380FC28F5A76E007B34AF /* Debug */,
				FA8380FD28F5A76E007B34AF /* Release */,
			);
			defaultConfigurationIsVisible = 0;
			defaultConfigurationName = Release;
		};
		FA8380FE28F5A76E007B34AF /* Build configuration list for PBXNativeTarget "Unshackled" */ = {
			isa = XCConfigurationList;
			buildConfigurations = (
				FA8380FF28F5A76E007B34AF /* Debug */,
				FA83810028F5A76E007B34AF /* Release */,
			);
			defaultConfigurationIsVisible = 0;
			defaultConfigurationName = Release;
		};
		FA83810128F5A76E007B34AF /* Build configuration list for PBXNativeTarget "UnshackledTests" */ = {
			isa = XCConfigurationList;
			buildConfigurations = (
				FA83810228F5A76E007B34AF /* Debug */,
				FA83810328F5A76E007B34AF /* Release */,
			);
			defaultConfigurationIsVisible = 0;
			defaultConfigurationName = Release;
		};
		FA83810428F5A76E007B34AF /* Build configuration list for PBXNativeTarget "UnshackledUITests" */ = {
			isa = XCConfigurationList;
			buildConfigurations = (
				FA83810528F5A76E007B34AF /* Debug */,
				FA83810628F5A76E007B34AF /* Release */,
			);
			defaultConfigurationIsVisible = 0;
			defaultConfigurationName = Release;
		};
/* End XCConfigurationList section */

/* Begin XCRemoteSwiftPackageReference section */
		FA8381452902DA16007B34AF /* XCRemoteSwiftPackageReference "firebase-ios-sdk" */ = {
			isa = XCRemoteSwiftPackageReference;
			repositoryURL = "https://github.com/firebase/firebase-ios-sdk.git";
			requirement = {
				kind = upToNextMajorVersion;
				minimumVersion = 9.0.0;
			};
		};
/* End XCRemoteSwiftPackageReference section */

/* Begin XCSwiftPackageProductDependency section */
		FA8381462902DA16007B34AF /* FirebaseAuth */ = {
			isa = XCSwiftPackageProductDependency;
			package = FA8381452902DA16007B34AF /* XCRemoteSwiftPackageReference "firebase-ios-sdk" */;
			productName = FirebaseAuth;
		};
		FA8381482902DA16007B34AF /* FirebaseFirestore */ = {
			isa = XCSwiftPackageProductDependency;
			package = FA8381452902DA16007B34AF /* XCRemoteSwiftPackageReference "firebase-ios-sdk" */;
			productName = FirebaseFirestore;
		};
		FA83814A2902DA16007B34AF /* FirebaseFirestoreSwift */ = {
			isa = XCSwiftPackageProductDependency;
			package = FA8381452902DA16007B34AF /* XCRemoteSwiftPackageReference "firebase-ios-sdk" */;
			productName = FirebaseFirestoreSwift;
		};
		FA83814C2902DA16007B34AF /* FirebaseStorage */ = {
			isa = XCSwiftPackageProductDependency;
			package = FA8381452902DA16007B34AF /* XCRemoteSwiftPackageReference "firebase-ios-sdk" */;
			productName = FirebaseStorage;
		};
/* End XCSwiftPackageProductDependency section */
	};
	rootObject = FA8380D228F5A76B007B34AF /* Project object */;
}
